
Microsoft Visual Studio Solution File, Format Version 12.00
# Visual Studio Version 17
VisualStudioVersion = 17.7.34031.279
MinimumVisualStudioVersion = 10.0.40219.1
Project("{FAE04EC0-301F-11D3-BF4B-00C04F79EFBC}") = "JWT", "JWT\JWT.csproj", "{597C9562-D8C1-4750-A60F-C168D841EBAF}"
EndProject
Global
	GlobalSection(SolutionConfigurationPlatforms) = preSolution
		Debug|Any CPU = Debug|Any CPU
		Release|Any CPU = Release|Any CPU
	EndGlobalSection
	GlobalSection(ProjectConfigurationPlatforms) = postSolution
		{597C9562-D8C1-4750-A60F-C168D841EBAF}.Debug|Any CPU.ActiveCfg = Debug|Any CPU
		{597C9562-D8C1-4750-A60F-C168D841EBAF}.Debug|Any CPU.Build.0 = Debug|Any CPU
		{597C9562-D8C1-4750-A60F-C168D841EBAF}.Release|Any CPU.ActiveCfg = Release|Any CPU
		{597C9562-D8C1-4750-A60F-C168D841EBAF}.Release|Any CPU.Build.0 = Release|Any CPU
	EndGlobalSection
	GlobalSection(SolutionProperties) = preSolution
		HideSolutionNode = FALSE
	EndGlobalSection
	GlobalSection(ExtensibilityGlobals) = postSolution
		SolutionGuid = {6BE0A954-C520-4D90-9EBE-3A9D2ECD428C}
	EndGlobalSection
EndGlobal
